
Microsoft Visual Studio Solution File, Format Version 12.00
# Visual Studio Version 17
VisualStudioVersion = 17.0.31903.59
MinimumVisualStudioVersion = 10.0.40219.1
Project("{2150E333-8FDC-42A3-9474-1A3956D46DE8}") = "src", "src", "{59F70F6B-BD3E-4564-BFB7-6AB9C3F5385E}"
EndProject
Project("{FAE04EC0-301F-11D3-BF4B-00C04F79EFBC}") = "Pattern.Application", "src\Pattern.Application\Pattern.Application.csproj", "{117125EF-5405-4CC8-AC43-53EFBB0C8676}"
EndProject
Project("{FAE04EC0-301F-11D3-BF4B-00C04F79EFBC}") = "Pattern.Domain", "src\Pattern.Domain\Pattern.Domain.csproj", "{013315A7-EF9C-4EF7-9737-C19CE4B919D9}"
EndProject
Project("{FAE04EC0-301F-11D3-BF4B-00C04F79EFBC}") = "Pattern.Infrastructure", "src\Pattern.Infrastructure\Pattern.Infrastructure.csproj", "{8FB7A7B7-826D-47F4-8671-1863444D74B8}"
EndProject
Project("{FAE04EC0-301F-11D3-BF4B-00C04F79EFBC}") = "Pattern.Presentation.API", "src\Pattern.Presentation.API\Pattern.Presentation.API.csproj", "{9199D0B9-057D-4648-99DA-F7CB8036DB22}"
EndProject
Project("{2150E333-8FDC-42A3-9474-1A3956D46DE8}") = "test", "test", "{43BC86BC-4541-451B-AEFB-B96B75F33B70}"
EndProject
Project("{FAE04EC0-301F-11D3-BF4B-00C04F79EFBC}") = "Pattern.Presentation.Test", "test\Pattern.Presentation.Test\Pattern.Presentation.Test.csproj", "{F725DA70-EC22-486F-86E9-16A714D1130A}"
EndProject
Project("{FAE04EC0-301F-11D3-BF4B-00C04F79EFBC}") = "Pattern.Infrastructure.Test", "test\Pattern.Infrastructure.Test\Pattern.Infrastructure.Test.csproj", "{4CE0C61B-A613-43AE-A1B5-65B171D7B55D}"
EndProject
Project("{FAE04EC0-301F-11D3-BF4B-00C04F79EFBC}") = "Pattern.Domain.Test", "test\Pattern.Domain.Test\Pattern.Domain.Test.csproj", "{A935A47B-E266-48E7-B443-636584F3304D}"
EndProject
Project("{FAE04EC0-301F-11D3-BF4B-00C04F79EFBC}") = "Pattern.Application.Test", "test\Pattern.Application.Test\Pattern.Application.Test.csproj", "{62C87376-AC43-4109-969F-45B543A77150}"
EndProject
Global
	GlobalSection(SolutionConfigurationPlatforms) = preSolution
		Debug|Any CPU = Debug|Any CPU
		Release|Any CPU = Release|Any CPU
	EndGlobalSection
	GlobalSection(SolutionProperties) = preSolution
		HideSolutionNode = FALSE
	EndGlobalSection
	GlobalSection(ProjectConfigurationPlatforms) = postSolution
		{117125EF-5405-4CC8-AC43-53EFBB0C8676}.Debug|Any CPU.ActiveCfg = Debug|Any CPU
		{117125EF-5405-4CC8-AC43-53EFBB0C8676}.Debug|Any CPU.Build.0 = Debug|Any CPU
		{117125EF-5405-4CC8-AC43-53EFBB0C8676}.Release|Any CPU.ActiveCfg = Release|Any CPU
		{117125EF-5405-4CC8-AC43-53EFBB0C8676}.Release|Any CPU.Build.0 = Release|Any CPU
		{013315A7-EF9C-4EF7-9737-C19CE4B919D9}.Debug|Any CPU.ActiveCfg = Debug|Any CPU
		{013315A7-EF9C-4EF7-9737-C19CE4B919D9}.Debug|Any CPU.Build.0 = Debug|Any CPU
		{013315A7-EF9C-4EF7-9737-C19CE4B919D9}.Release|Any CPU.ActiveCfg = Release|Any CPU
		{013315A7-EF9C-4EF7-9737-C19CE4B919D9}.Release|Any CPU.Build.0 = Release|Any CPU
		{8FB7A7B7-826D-47F4-8671-1863444D74B8}.Debug|Any CPU.ActiveCfg = Debug|Any CPU
		{8FB7A7B7-826D-47F4-8671-1863444D74B8}.Debug|Any CPU.Build.0 = Debug|Any CPU
		{8FB7A7B7-826D-47F4-8671-1863444D74B8}.Release|Any CPU.ActiveCfg = Release|Any CPU
		{8FB7A7B7-826D-47F4-8671-1863444D74B8}.Release|Any CPU.Build.0 = Release|Any CPU
		{9199D0B9-057D-4648-99DA-F7CB8036DB22}.Debug|Any CPU.ActiveCfg = Debug|Any CPU
		{9199D0B9-057D-4648-99DA-F7CB8036DB22}.Debug|Any CPU.Build.0 = Debug|Any CPU
		{9199D0B9-057D-4648-99DA-F7CB8036DB22}.Release|Any CPU.ActiveCfg = Release|Any CPU
		{9199D0B9-057D-4648-99DA-F7CB8036DB22}.Release|Any CPU.Build.0 = Release|Any CPU
		{F725DA70-EC22-486F-86E9-16A714D1130A}.Debug|Any CPU.ActiveCfg = Debug|Any CPU
		{F725DA70-EC22-486F-86E9-16A714D1130A}.Debug|Any CPU.Build.0 = Debug|Any CPU
		{F725DA70-EC22-486F-86E9-16A714D1130A}.Release|Any CPU.ActiveCfg = Release|Any CPU
		{F725DA70-EC22-486F-86E9-16A714D1130A}.Release|Any CPU.Build.0 = Release|Any CPU
		{4CE0C61B-A613-43AE-A1B5-65B171D7B55D}.Debug|Any CPU.ActiveCfg = Debug|Any CPU
		{4CE0C61B-A613-43AE-A1B5-65B171D7B55D}.Debug|Any CPU.Build.0 = Debug|Any CPU
		{4CE0C61B-A613-43AE-A1B5-65B171D7B55D}.Release|Any CPU.ActiveCfg = Release|Any CPU
		{4CE0C61B-A613-43AE-A1B5-65B171D7B55D}.Release|Any CPU.Build.0 = Release|Any CPU
		{A935A47B-E266-48E7-B443-636584F3304D}.Debug|Any CPU.ActiveCfg = Debug|Any CPU
		{A935A47B-E266-48E7-B443-636584F3304D}.Debug|Any CPU.Build.0 = Debug|Any CPU
		{A935A47B-E266-48E7-B443-636584F3304D}.Release|Any CPU.ActiveCfg = Release|Any CPU
		{A935A47B-E266-48E7-B443-636584F3304D}.Release|Any CPU.Build.0 = Release|Any CPU
		{62C87376-AC43-4109-969F-45B543A77150}.Debug|Any CPU.ActiveCfg = Debug|Any CPU
		{62C87376-AC43-4109-969F-45B543A77150}.Debug|Any CPU.Build.0 = Debug|Any CPU
		{62C87376-AC43-4109-969F-45B543A77150}.Release|Any CPU.ActiveCfg = Release|Any CPU
		{62C87376-AC43-4109-969F-45B543A77150}.Release|Any CPU.Build.0 = Release|Any CPU
	EndGlobalSection
	GlobalSection(NestedProjects) = preSolution
		{117125EF-5405-4CC8-AC43-53EFBB0C8676} = {59F70F6B-BD3E-4564-BFB7-6AB9C3F5385E}
		{013315A7-EF9C-4EF7-9737-C19CE4B919D9} = {59F70F6B-BD3E-4564-BFB7-6AB9C3F5385E}
		{8FB7A7B7-826D-47F4-8671-1863444D74B8} = {59F70F6B-BD3E-4564-BFB7-6AB9C3F5385E}		
		{9199D0B9-057D-4648-99DA-F7CB8036DB22} = {59F70F6B-BD3E-4564-BFB7-6AB9C3F5385E}
		{F725DA70-EC22-486F-86E9-16A714D1130A} = {43BC86BC-4541-451B-AEFB-B96B75F33B70}
		{4CE0C61B-A613-43AE-A1B5-65B171D7B55D} = {43BC86BC-4541-451B-AEFB-B96B75F33B70}
		{A935A47B-E266-48E7-B443-636584F3304D} = {43BC86BC-4541-451B-AEFB-B96B75F33B70}
		{62C87376-AC43-4109-969F-45B543A77150} = {43BC86BC-4541-451B-AEFB-B96B75F33B70}
	EndGlobalSection
EndGlobal
